<?xml version="1.0" encoding="utf-8"?>
<Project ToolsVersion="4.0" xmlns="http://schemas.microsoft.com/developer/msbuild/2003">
  <ItemGroup>
    <Filter Include="Resource Files">
      <UniqueIdentifier>{67DA6AB6-F800-4c08-8B7A-83BB121AAD01}</UniqueIdentifier>
      <Extensions>rc;ico;cur;bmp;dlg;rc2;rct;bin;rgs;gif;jpg;jpeg;jpe;resx;tiff;tif;png;wav;mfcribbon-ms</Extensions>
    </Filter>
    <Filter Include="Game">
      <UniqueIdentifier>{3e7ffa05-efd8-4606-96eb-f6b586a737af}</UniqueIdentifier>
    </Filter>
    <Filter Include="Scene">
      <UniqueIdentifier>{f55d2a26-f161-43e4-9077-ad45bf59cd2b}</UniqueIdentifier>
    </Filter>
    <Filter Include="Game\Player">
      <UniqueIdentifier>{581e0d3d-987d-4f9e-90ef-f64ef22843d0}</UniqueIdentifier>
    </Filter>
    <Filter Include="Components">
      <UniqueIdentifier>{c2887bb4-82d5-4afa-88bb-da8231fe65f9}</UniqueIdentifier>
    </Filter>
    <Filter Include="Interface">
      <UniqueIdentifier>{d0127fc2-0b4d-4174-8879-94a9031c7c96}</UniqueIdentifier>
    </Filter>
    <Filter Include="Game\Stage">
      <UniqueIdentifier>{85ff635a-67a1-4297-8c6c-31f5017ff873}</UniqueIdentifier>
    </Filter>
  </ItemGroup>
  <ItemGroup>
    <ClCompile Include="main.cpp" />
    <ClCompile Include="src\Scene\MainScene.cpp">
      <Filter>Scene</Filter>
    </ClCompile>
    <ClCompile Include="src\Game\Player\Player.cpp">
      <Filter>Game\Player</Filter>
    </ClCompile>
    <ClCompile Include="src\Components\DXLibModelRender.cpp">
      <Filter>Components</Filter>
    </ClCompile>
    <ClCompile Include="src\Components\MovementComponent.cpp">
      <Filter>Components</Filter>
    </ClCompile>
    <ClCompile Include="src\Game\Camera.cpp">
      <Filter>Game</Filter>
    </ClCompile>
    <ClCompile Include="src\Interface\ITargetProvider.cpp">
      <Filter>Interface</Filter>
    </ClCompile>
    <ClCompile Include="src\Game\Stage\StageObject.cpp">
      <Filter>Game\Stage</Filter>
    </ClCompile>
  </ItemGroup>
  <ItemGroup>
    <ClInclude Include="src\Scene\MainScene.h">
      <Filter>Scene</Filter>
    </ClInclude>
    <ClInclude Include="src\Game\Player\Player.h">
      <Filter>Game\Player</Filter>
    </ClInclude>
    <ClInclude Include="src\Components\DXLibModelRender.h">
      <Filter>Components</Filter>
    </ClInclude>
    <ClInclude Include="src\Components\MovementComponent.h">
      <Filter>Components</Filter>
    </ClInclude>
    <ClInclude Include="src\Game\Camera.h">
      <Filter>Game</Filter>
    </ClInclude>
    <ClInclude Include="src\Interface\ITargetProvider.h">
      <Filter>Interface</Filter>
    </ClInclude>
    <ClInclude Include="src\Game\Stage\StageObject.h">
      <Filter>Game\Stage</Filter>
    </ClInclude>
  </ItemGroup>
</Project>