<?xml version="1.0" encoding="utf-8"?>
<Project ToolsVersion="4.0" xmlns="http://schemas.microsoft.com/developer/msbuild/2003">
  <ItemGroup>
    <Filter Include="Resource Files">
      <UniqueIdentifier>{67DA6AB6-F800-4c08-8B7A-83BB121AAD01}</UniqueIdentifier>
      <Extensions>rc;ico;cur;bmp;dlg;rc2;rct;bin;rgs;gif;jpg;jpeg;jpe;resx;tiff;tif;png;wav;mfcribbon-ms</Extensions>
    </Filter>
    <Filter Include="Game">
      <UniqueIdentifier>{3e7ffa05-efd8-4606-96eb-f6b586a737af}</UniqueIdentifier>
    </Filter>
    <Filter Include="Scene">
      <UniqueIdentifier>{f55d2a26-f161-43e4-9077-ad45bf59cd2b}</UniqueIdentifier>
    </Filter>
    <Filter Include="Game\Player">
      <UniqueIdentifier>{581e0d3d-987d-4f9e-90ef-f64ef22843d0}</UniqueIdentifier>
    </Filter>
    <Filter Include="Components">
      <UniqueIdentifier>{c2887bb4-82d5-4afa-88bb-da8231fe65f9}</UniqueIdentifier>
    </Filter>
    <Filter Include="Interface">
      <UniqueIdentifier>{d0127fc2-0b4d-4174-8879-94a9031c7c96}</UniqueIdentifier>
    </Filter>
    <Filter Include="Game\Stage">
      <UniqueIdentifier>{85ff635a-67a1-4297-8c6c-31f5017ff873}</UniqueIdentifier>
    </Filter>
    <Filter Include="Game\Item">
      <UniqueIdentifier>{2f1d4825-03d1-4673-a138-5c4a1aeaeb2f}</UniqueIdentifier>
    </Filter>
    <Filter Include="Render">
      <UniqueIdentifier>{e66f4cf6-1e01-41ec-8128-a05858000e32}</UniqueIdentifier>
    </Filter>
    <Filter Include="System">
      <UniqueIdentifier>{25f2d26f-0e6e-4d48-852a-0397827de5c9}</UniqueIdentifier>
    </Filter>
    <Filter Include="Game\Enemy">
      <UniqueIdentifier>{443824e6-63a9-4768-8fbb-8c3adffb2ab1}</UniqueIdentifier>
    </Filter>
    <Filter Include="Game\Definition">
      <UniqueIdentifier>{517a415b-1d18-4112-a634-605ccb8925f3}</UniqueIdentifier>
    </Filter>
  </ItemGroup>
  <ItemGroup>
    <ClCompile Include="main.cpp" />
    <ClCompile Include="src\Scene\MainScene.cpp">
      <Filter>Scene</Filter>
    </ClCompile>
    <ClCompile Include="src\Game\Player\Player.cpp">
      <Filter>Game\Player</Filter>
    </ClCompile>
    <ClCompile Include="src\Components\DXLibModelRender.cpp">
      <Filter>Components</Filter>
    </ClCompile>
    <ClCompile Include="src\Components\MovementComponent.cpp">
      <Filter>Components</Filter>
    </ClCompile>
    <ClCompile Include="src\Game\Camera.cpp">
      <Filter>Game</Filter>
    </ClCompile>
    <ClCompile Include="src\Interface\ITargetProvider.cpp">
      <Filter>Interface</Filter>
    </ClCompile>
    <ClCompile Include="src\Game\Stage\StageObject.cpp">
      <Filter>Game\Stage</Filter>
    </ClCompile>
    <ClCompile Include="src\Game\Item\Scrap.cpp">
      <Filter>Game\Item</Filter>
    </ClCompile>
    <ClCompile Include="src\Game\Item\ItemBase.cpp">
      <Filter>Game\Item</Filter>
    </ClCompile>
    <ClCompile Include="src\Render\DxLibLight.cpp">
      <Filter>Render</Filter>
    </ClCompile>
    <ClCompile Include="src\System\ColliderManager.cpp">
      <Filter>System</Filter>
    </ClCompile>
    <ClCompile Include="src\Game\Item\CaughtScrap.cpp">
      <Filter>Game\Item</Filter>
    </ClCompile>
    <ClCompile Include="src\Game\Enemy\EnemyBase.cpp">
      <Filter>Game\Enemy</Filter>
    </ClCompile>
    <ClCompile Include="src\Game\Enemy\EnemyManager.cpp">
      <Filter>Game\Enemy</Filter>
    </ClCompile>
    <ClCompile Include="src\Game\Enemy\EnemyDataTypeMaster.cpp">
      <Filter>Game\Enemy</Filter>
    </ClCompile>
    <ClCompile Include="src\Scene\TitleScene.cpp">
      <Filter>Scene</Filter>
    </ClCompile>
    <ClCompile Include="src\Scene\GameOverScene.cpp">
      <Filter>Scene</Filter>
    </ClCompile>
  </ItemGroup>
  <ItemGroup>
    <ClInclude Include="src\Scene\MainScene.h">
      <Filter>Scene</Filter>
    </ClInclude>
    <ClInclude Include="src\Game\Player\Player.h">
      <Filter>Game\Player</Filter>
    </ClInclude>
    <ClInclude Include="src\Components\DXLibModelRender.h">
      <Filter>Components</Filter>
    </ClInclude>
    <ClInclude Include="src\Components\MovementComponent.h">
      <Filter>Components</Filter>
    </ClInclude>
    <ClInclude Include="src\Game\Camera.h">
      <Filter>Game</Filter>
    </ClInclude>
    <ClInclude Include="src\Interface\ITargetProvider.h">
      <Filter>Interface</Filter>
    </ClInclude>
    <ClInclude Include="src\Game\Stage\StageObject.h">
      <Filter>Game\Stage</Filter>
    </ClInclude>
    <ClInclude Include="src\Game\Item\Scrap.h">
      <Filter>Game\Item</Filter>
    </ClInclude>
    <ClInclude Include="src\Game\Item\ItemBase.h">
      <Filter>Game\Item</Filter>
    </ClInclude>
    <ClInclude Include="src\Render\DxLibLight.h">
      <Filter>Render</Filter>
    </ClInclude>
    <ClInclude Include="src\System\ColliderManager.h">
      <Filter>System</Filter>
    </ClInclude>
    <ClInclude Include="src\Game\Item\CaughtScrap.h">
      <Filter>Game\Item</Filter>
    </ClInclude>
    <ClInclude Include="src\Game\Enemy\EnemyBase.h">
      <Filter>Game\Enemy</Filter>
    </ClInclude>
    <ClInclude Include="src\Game\Enemy\EnemyManager.h">
      <Filter>Game\Enemy</Filter>
    </ClInclude>
    <ClInclude Include="src\Game\Enemy\EnemyDatas.h">
      <Filter>Game\Enemy</Filter>
    </ClInclude>
    <ClInclude Include="src\Game\Enemy\EnemyDataTypeMaster.h">
      <Filter>Game\Enemy</Filter>
    </ClInclude>
    <ClInclude Include="src\Definition\EventDefinition.h">
      <Filter>Game\Definition</Filter>
    </ClInclude>
    <ClInclude Include="resource.h" />
    <ClInclude Include="ResourceLoader.h" />
    <ClInclude Include="src\Game\DXLibCameraBase.h">
      <Filter>Game</Filter>
    </ClInclude>
    <ClInclude Include="src\Scene\TitleScene.h">
      <Filter>Scene</Filter>
    </ClInclude>
    <ClInclude Include="src\Scene\GameOverScene.h">
      <Filter>Scene</Filter>
    </ClInclude>
    <ClInclude Include="src\Definition\FunctionDefinition.h">
      <Filter>Game\Definition</Filter>
    </ClInclude>
  </ItemGroup>
  <ItemGroup>
    <ResourceCompile Include="AssetResource.rc">
      <Filter>Resource Files</Filter>
    </ResourceCompile>
  </ItemGroup>
</Project>